// !$*UTF8*$!
{
	archiveVersion = 1;
	classes = {
	};
	objectVersion = 56;
	objects = {

/* Begin PBXBuildFile section */
		887A329B296FF0700049A8E4 /* CoreDataSwiftUIApp.swift in Sources */ = {isa = PBXBuildFile; fileRef = 887A329A296FF0700049A8E4 /* CoreDataSwiftUIApp.swift */; };
		887A329F296FF0710049A8E4 /* Assets.xcassets in Resources */ = {isa = PBXBuildFile; fileRef = 887A329E296FF0710049A8E4 /* Assets.xcassets */; };
		887A32A2296FF0710049A8E4 /* Preview Assets.xcassets in Resources */ = {isa = PBXBuildFile; fileRef = 887A32A1296FF0710049A8E4 /* Preview Assets.xcassets */; };
		887A32AF29703D280049A8E4 /* CoreDataManager.swift in Sources */ = {isa = PBXBuildFile; fileRef = 887A32AE29703D280049A8E4 /* CoreDataManager.swift */; };
		9D36C77129AD2A1F002DD050 /* HomeView.swift in Sources */ = {isa = PBXBuildFile; fileRef = 9D36C77029AD2A1F002DD050 /* HomeView.swift */; };
		9D36C77529AD347A002DD050 /* MenuView.swift in Sources */ = {isa = PBXBuildFile; fileRef = 9D36C77429AD347A002DD050 /* MenuView.swift */; };
		9D36C77729AD3489002DD050 /* MenuViewModel.swift in Sources */ = {isa = PBXBuildFile; fileRef = 9D36C77629AD3489002DD050 /* MenuViewModel.swift */; };
		9D36C77D29AD3508002DD050 /* HomeViewModel.swift in Sources */ = {isa = PBXBuildFile; fileRef = 9D36C77C29AD3508002DD050 /* HomeViewModel.swift */; };
		9D36C78029ADF0AA002DD050 /* FoodsView.swift in Sources */ = {isa = PBXBuildFile; fileRef = 9D36C77F29ADF0AA002DD050 /* FoodsView.swift */; };
		9D36C78229ADF0F2002DD050 /* FoodsViewModel.swift in Sources */ = {isa = PBXBuildFile; fileRef = 9D36C78129ADF0F2002DD050 /* FoodsViewModel.swift */; };
		9D36C78429ADF973002DD050 /* DeleteSwipeModifier.swift in Sources */ = {isa = PBXBuildFile; fileRef = 9D36C78329ADF973002DD050 /* DeleteSwipeModifier.swift */; };
		9D36C78629ADFAE5002DD050 /* AddFoodForm.swift in Sources */ = {isa = PBXBuildFile; fileRef = 9D36C78529ADFAE5002DD050 /* AddFoodForm.swift */; };
		9D420A7429AE3BC900147B0F /* AppetizersView.swift in Sources */ = {isa = PBXBuildFile; fileRef = 9D420A7329AE3BC900147B0F /* AppetizersView.swift */; };
		9D420A7629AE3BDC00147B0F /* AddAppitizerForm.swift in Sources */ = {isa = PBXBuildFile; fileRef = 9D420A7529AE3BDC00147B0F /* AddAppitizerForm.swift */; };
		9D420A7829AE3BEA00147B0F /* AppetizerViewModel.swift in Sources */ = {isa = PBXBuildFile; fileRef = 9D420A7729AE3BEA00147B0F /* AppetizerViewModel.swift */; };
		9D420A7B29AE3E1800147B0F /* DrinksView.swift in Sources */ = {isa = PBXBuildFile; fileRef = 9D420A7A29AE3E1800147B0F /* DrinksView.swift */; };
		9D420A7D29AE3E2400147B0F /* AddDrinkForm.swift in Sources */ = {isa = PBXBuildFile; fileRef = 9D420A7C29AE3E2400147B0F /* AddDrinkForm.swift */; };
		9D420A7F29AE3E3300147B0F /* DrinksViewModel.swift in Sources */ = {isa = PBXBuildFile; fileRef = 9D420A7E29AE3E3300147B0F /* DrinksViewModel.swift */; };
		9D420A8429AF477900147B0F /* DB.xcdatamodeld in Sources */ = {isa = PBXBuildFile; fileRef = 9D420A8229AF477900147B0F /* DB.xcdatamodeld */; };
		9D420A8829AF4B2F00147B0F /* MealData.swift in Sources */ = {isa = PBXBuildFile; fileRef = 9D420A8729AF4B2F00147B0F /* MealData.swift */; };
		9DCD1BF329ACE08A00C838D4 /* RestaurantData.swift in Sources */ = {isa = PBXBuildFile; fileRef = 9DCD1BF229ACE08A00C838D4 /* RestaurantData.swift */; };
		9DCD1BF529ACE0C000C838D4 /* CategoryData.swift in Sources */ = {isa = PBXBuildFile; fileRef = 9DCD1BF429ACE0C000C838D4 /* CategoryData.swift */; };
		9DCD1BF729ACE0E500C838D4 /* AppetizerData.swift in Sources */ = {isa = PBXBuildFile; fileRef = 9DCD1BF629ACE0E500C838D4 /* AppetizerData.swift */; };
		9DCD1BF929ACE0F500C838D4 /* DrinkData.swift in Sources */ = {isa = PBXBuildFile; fileRef = 9DCD1BF829ACE0F500C838D4 /* DrinkData.swift */; };
		9DCD1BFB29ACE11E00C838D4 /* FoodData.swift in Sources */ = {isa = PBXBuildFile; fileRef = 9DCD1BFA29ACE11E00C838D4 /* FoodData.swift */; };
		9DCD1C0229ACEEAD00C838D4 /* Extensions.swift in Sources */ = {isa = PBXBuildFile; fileRef = 9DCD1C0129ACEEAD00C838D4 /* Extensions.swift */; };
/* End PBXBuildFile section */

/* Begin PBXFileReference section */
		887A3297296FF0700049A8E4 /* CoreDataSwiftUI.app */ = {isa = PBXFileReference; explicitFileType = wrapper.application; includeInIndex = 0; path = CoreDataSwiftUI.app; sourceTree = BUILT_PRODUCTS_DIR; };
		887A329A296FF0700049A8E4 /* CoreDataSwiftUIApp.swift */ = {isa = PBXFileReference; lastKnownFileType = sourcecode.swift; path = CoreDataSwiftUIApp.swift; sourceTree = "<group>"; };
		887A329E296FF0710049A8E4 /* Assets.xcassets */ = {isa = PBXFileReference; lastKnownFileType = folder.assetcatalog; path = Assets.xcassets; sourceTree = "<group>"; };
		887A32A1296FF0710049A8E4 /* Preview Assets.xcassets */ = {isa = PBXFileReference; lastKnownFileType = folder.assetcatalog; path = "Preview Assets.xcassets"; sourceTree = "<group>"; };
		887A32AE29703D280049A8E4 /* CoreDataManager.swift */ = {isa = PBXFileReference; lastKnownFileType = sourcecode.swift; path = CoreDataManager.swift; sourceTree = "<group>"; };
		9D36C77029AD2A1F002DD050 /* HomeView.swift */ = {isa = PBXFileReference; lastKnownFileType = sourcecode.swift; path = HomeView.swift; sourceTree = "<group>"; };
		9D36C77429AD347A002DD050 /* MenuView.swift */ = {isa = PBXFileReference; lastKnownFileType = sourcecode.swift; path = MenuView.swift; sourceTree = "<group>"; };
		9D36C77629AD3489002DD050 /* MenuViewModel.swift */ = {isa = PBXFileReference; lastKnownFileType = sourcecode.swift; path = MenuViewModel.swift; sourceTree = "<group>"; };
		9D36C77C29AD3508002DD050 /* HomeViewModel.swift */ = {isa = PBXFileReference; lastKnownFileType = sourcecode.swift; path = HomeViewModel.swift; sourceTree = "<group>"; };
		9D36C77F29ADF0AA002DD050 /* FoodsView.swift */ = {isa = PBXFileReference; lastKnownFileType = sourcecode.swift; path = FoodsView.swift; sourceTree = "<group>"; };
		9D36C78129ADF0F2002DD050 /* FoodsViewModel.swift */ = {isa = PBXFileReference; lastKnownFileType = sourcecode.swift; path = FoodsViewModel.swift; sourceTree = "<group>"; };
		9D36C78329ADF973002DD050 /* DeleteSwipeModifier.swift */ = {isa = PBXFileReference; lastKnownFileType = sourcecode.swift; path = DeleteSwipeModifier.swift; sourceTree = "<group>"; };
		9D36C78529ADFAE5002DD050 /* AddFoodForm.swift */ = {isa = PBXFileReference; lastKnownFileType = sourcecode.swift; path = AddFoodForm.swift; sourceTree = "<group>"; };
		9D420A7329AE3BC900147B0F /* AppetizersView.swift */ = {isa = PBXFileReference; lastKnownFileType = sourcecode.swift; path = AppetizersView.swift; sourceTree = "<group>"; };
		9D420A7529AE3BDC00147B0F /* AddAppitizerForm.swift */ = {isa = PBXFileReference; lastKnownFileType = sourcecode.swift; path = AddAppitizerForm.swift; sourceTree = "<group>"; };
		9D420A7729AE3BEA00147B0F /* AppetizerViewModel.swift */ = {isa = PBXFileReference; lastKnownFileType = sourcecode.swift; path = AppetizerViewModel.swift; sourceTree = "<group>"; };
		9D420A7A29AE3E1800147B0F /* DrinksView.swift */ = {isa = PBXFileReference; lastKnownFileType = sourcecode.swift; path = DrinksView.swift; sourceTree = "<group>"; };
		9D420A7C29AE3E2400147B0F /* AddDrinkForm.swift */ = {isa = PBXFileReference; lastKnownFileType = sourcecode.swift; path = AddDrinkForm.swift; sourceTree = "<group>"; };
		9D420A7E29AE3E3300147B0F /* DrinksViewModel.swift */ = {isa = PBXFileReference; lastKnownFileType = sourcecode.swift; path = DrinksViewModel.swift; sourceTree = "<group>"; };
		9D420A8329AF477900147B0F /* DB.xcdatamodel */ = {isa = PBXFileReference; lastKnownFileType = wrapper.xcdatamodel; path = DB.xcdatamodel; sourceTree = "<group>"; };
		9D420A8729AF4B2F00147B0F /* MealData.swift */ = {isa = PBXFileReference; lastKnownFileType = sourcecode.swift; path = MealData.swift; sourceTree = "<group>"; };
		9DCD1BF229ACE08A00C838D4 /* RestaurantData.swift */ = {isa = PBXFileReference; lastKnownFileType = sourcecode.swift; path = RestaurantData.swift; sourceTree = "<group>"; };
		9DCD1BF429ACE0C000C838D4 /* CategoryData.swift */ = {isa = PBXFileReference; lastKnownFileType = sourcecode.swift; path = CategoryData.swift; sourceTree = "<group>"; };
		9DCD1BF629ACE0E500C838D4 /* AppetizerData.swift */ = {isa = PBXFileReference; lastKnownFileType = sourcecode.swift; path = AppetizerData.swift; sourceTree = "<group>"; };
		9DCD1BF829ACE0F500C838D4 /* DrinkData.swift */ = {isa = PBXFileReference; lastKnownFileType = sourcecode.swift; path = DrinkData.swift; sourceTree = "<group>"; };
		9DCD1BFA29ACE11E00C838D4 /* FoodData.swift */ = {isa = PBXFileReference; lastKnownFileType = sourcecode.swift; path = FoodData.swift; sourceTree = "<group>"; };
		9DCD1C0129ACEEAD00C838D4 /* Extensions.swift */ = {isa = PBXFileReference; lastKnownFileType = sourcecode.swift; path = Extensions.swift; sourceTree = "<group>"; };
/* End PBXFileReference section */

/* Begin PBXFrameworksBuildPhase section */
		887A3294296FF0700049A8E4 /* Frameworks */ = {
			isa = PBXFrameworksBuildPhase;
			buildActionMask = 2147483647;
			files = (
			);
			runOnlyForDeploymentPostprocessing = 0;
		};
/* End PBXFrameworksBuildPhase section */

/* Begin PBXGroup section */
		887A328E296FF0700049A8E4 = {
			isa = PBXGroup;
			children = (
				887A3299296FF0700049A8E4 /* CoreDataSwiftUI */,
				887A3298296FF0700049A8E4 /* Products */,
			);
			sourceTree = "<group>";
		};
		887A3298296FF0700049A8E4 /* Products */ = {
			isa = PBXGroup;
			children = (
				887A3297296FF0700049A8E4 /* CoreDataSwiftUI.app */,
			);
			name = Products;
			sourceTree = "<group>";
		};
		887A3299296FF0700049A8E4 /* CoreDataSwiftUI */ = {
			isa = PBXGroup;
			children = (
				9DCD1C0029ACEEA000C838D4 /* Utils */,
				887A32A829702B290049A8E4 /* CoreData */,
				9DCD1BE429ACDD8C00C838D4 /* Scense */,
				887A329A296FF0700049A8E4 /* CoreDataSwiftUIApp.swift */,
				887A329E296FF0710049A8E4 /* Assets.xcassets */,
				887A32A0296FF0710049A8E4 /* Preview Content */,
			);
			path = CoreDataSwiftUI;
			sourceTree = "<group>";
		};
		887A32A0296FF0710049A8E4 /* Preview Content */ = {
			isa = PBXGroup;
			children = (
				887A32A1296FF0710049A8E4 /* Preview Assets.xcassets */,
			);
			path = "Preview Content";
			sourceTree = "<group>";
		};
		887A32A829702B290049A8E4 /* CoreData */ = {
			isa = PBXGroup;
			children = (
				9D420A8229AF477900147B0F /* DB.xcdatamodeld */,
				9DCD1BF129ACE07900C838D4 /* Models */,
				887A32AE29703D280049A8E4 /* CoreDataManager.swift */,
			);
			path = CoreData;
			sourceTree = "<group>";
		};
		9D36C76F29AD2A05002DD050 /* Home */ = {
			isa = PBXGroup;
			children = (
				9D36C77029AD2A1F002DD050 /* HomeView.swift */,
				9D36C77C29AD3508002DD050 /* HomeViewModel.swift */,
			);
			path = Home;
			sourceTree = "<group>";
		};
		9D36C77E29ADF08F002DD050 /* Food */ = {
			isa = PBXGroup;
			children = (
				9D36C77F29ADF0AA002DD050 /* FoodsView.swift */,
				9D36C78129ADF0F2002DD050 /* FoodsViewModel.swift */,
				9D36C78529ADFAE5002DD050 /* AddFoodForm.swift */,
			);
			path = Food;
			sourceTree = "<group>";
		};
		9D420A7229AE3A6400147B0F /* Appetizers */ = {
			isa = PBXGroup;
			children = (
				9D420A7329AE3BC900147B0F /* AppetizersView.swift */,
				9D420A7529AE3BDC00147B0F /* AddAppitizerForm.swift */,
				9D420A7729AE3BEA00147B0F /* AppetizerViewModel.swift */,
			);
			path = Appetizers;
			sourceTree = "<group>";
		};
		9D420A7929AE3DF900147B0F /* Drinks */ = {
			isa = PBXGroup;
			children = (
				9D420A7A29AE3E1800147B0F /* DrinksView.swift */,
				9D420A7C29AE3E2400147B0F /* AddDrinkForm.swift */,
				9D420A7E29AE3E3300147B0F /* DrinksViewModel.swift */,
			);
			path = Drinks;
			sourceTree = "<group>";
		};
		9DCD1BE429ACDD8C00C838D4 /* Scense */ = {
			isa = PBXGroup;
			children = (
				9D420A7929AE3DF900147B0F /* Drinks */,
				9D420A7229AE3A6400147B0F /* Appetizers */,
				9D36C77E29ADF08F002DD050 /* Food */,
				9D36C76F29AD2A05002DD050 /* Home */,
				9DCD1BE929ACDDEC00C838D4 /* Menu */,
			);
			path = Scense;
			sourceTree = "<group>";
		};
		9DCD1BE929ACDDEC00C838D4 /* Menu */ = {
			isa = PBXGroup;
			children = (
				9D36C77429AD347A002DD050 /* MenuView.swift */,
				9D36C77629AD3489002DD050 /* MenuViewModel.swift */,
			);
			path = Menu;
			sourceTree = "<group>";
		};
		9DCD1BF129ACE07900C838D4 /* Models */ = {
			isa = PBXGroup;
			children = (
				9DCD1BF229ACE08A00C838D4 /* RestaurantData.swift */,
				9DCD1BF429ACE0C000C838D4 /* CategoryData.swift */,
				9DCD1BF629ACE0E500C838D4 /* AppetizerData.swift */,
				9DCD1BF829ACE0F500C838D4 /* DrinkData.swift */,
				9DCD1BFA29ACE11E00C838D4 /* FoodData.swift */,
				9D420A8729AF4B2F00147B0F /* MealData.swift */,
			);
			path = Models;
			sourceTree = "<group>";
		};
		9DCD1C0029ACEEA000C838D4 /* Utils */ = {
			isa = PBXGroup;
			children = (
				9DCD1C0129ACEEAD00C838D4 /* Extensions.swift */,
				9D36C78329ADF973002DD050 /* DeleteSwipeModifier.swift */,
			);
			path = Utils;
			sourceTree = "<group>";
		};
/* End PBXGroup section */

/* Begin PBXNativeTarget section */
		887A3296296FF0700049A8E4 /* CoreDataSwiftUI */ = {
			isa = PBXNativeTarget;
			buildConfigurationList = 887A32A5296FF0710049A8E4 /* Build configuration list for PBXNativeTarget "CoreDataSwiftUI" */;
			buildPhases = (
				887A3293296FF0700049A8E4 /* Sources */,
				887A3294296FF0700049A8E4 /* Frameworks */,
				887A3295296FF0700049A8E4 /* Resources */,
			);
			buildRules = (
			);
			dependencies = (
			);
			name = CoreDataSwiftUI;
			productName = CoreDataSwiftUI;
			productReference = 887A3297296FF0700049A8E4 /* CoreDataSwiftUI.app */;
			productType = "com.apple.product-type.application";
		};
/* End PBXNativeTarget section */

/* Begin PBXProject section */
		887A328F296FF0700049A8E4 /* Project object */ = {
			isa = PBXProject;
			attributes = {
				BuildIndependentTargetsInParallel = 1;
				LastSwiftUpdateCheck = 1400;
				LastUpgradeCheck = 1400;
				TargetAttributes = {
					887A3296296FF0700049A8E4 = {
						CreatedOnToolsVersion = 14.0;
					};
				};
			};
			buildConfigurationList = 887A3292296FF0700049A8E4 /* Build configuration list for PBXProject "CoreDataSwiftUI" */;
			compatibilityVersion = "Xcode 14.0";
			developmentRegion = en;
			hasScannedForEncodings = 0;
			knownRegions = (
				en,
				Base,
			);
			mainGroup = 887A328E296FF0700049A8E4;
			productRefGroup = 887A3298296FF0700049A8E4 /* Products */;
			projectDirPath = "";
			projectRoot = "";
			targets = (
				887A3296296FF0700049A8E4 /* CoreDataSwiftUI */,
			);
		};
/* End PBXProject section */

/* Begin PBXResourcesBuildPhase section */
		887A3295296FF0700049A8E4 /* Resources */ = {
			isa = PBXResourcesBuildPhase;
			buildActionMask = 2147483647;
			files = (
				887A32A2296FF0710049A8E4 /* Preview Assets.xcassets in Resources */,
				887A329F296FF0710049A8E4 /* Assets.xcassets in Resources */,
			);
			runOnlyForDeploymentPostprocessing = 0;
		};
/* End PBXResourcesBuildPhase section */

/* Begin PBXSourcesBuildPhase section */
		887A3293296FF0700049A8E4 /* Sources */ = {
			isa = PBXSourcesBuildPhase;
			buildActionMask = 2147483647;
			files = (
				9D36C77D29AD3508002DD050 /* HomeViewModel.swift in Sources */,
				9DCD1BF929ACE0F500C838D4 /* DrinkData.swift in Sources */,
				9D420A8829AF4B2F00147B0F /* MealData.swift in Sources */,
				9D36C77729AD3489002DD050 /* MenuViewModel.swift in Sources */,
				9D36C78629ADFAE5002DD050 /* AddFoodForm.swift in Sources */,
				9DCD1BF529ACE0C000C838D4 /* CategoryData.swift in Sources */,
				9D36C78429ADF973002DD050 /* DeleteSwipeModifier.swift in Sources */,
				9D36C78029ADF0AA002DD050 /* FoodsView.swift in Sources */,
				9DCD1BFB29ACE11E00C838D4 /* FoodData.swift in Sources */,
				9D420A7D29AE3E2400147B0F /* AddDrinkForm.swift in Sources */,
				9DCD1BF329ACE08A00C838D4 /* RestaurantData.swift in Sources */,
				9DCD1BF729ACE0E500C838D4 /* AppetizerData.swift in Sources */,
				9D420A7429AE3BC900147B0F /* AppetizersView.swift in Sources */,
				9D420A7F29AE3E3300147B0F /* DrinksViewModel.swift in Sources */,
				9D420A7829AE3BEA00147B0F /* AppetizerViewModel.swift in Sources */,
				9D36C77129AD2A1F002DD050 /* HomeView.swift in Sources */,
				9DCD1C0229ACEEAD00C838D4 /* Extensions.swift in Sources */,
				9D36C77529AD347A002DD050 /* MenuView.swift in Sources */,
				887A329B296FF0700049A8E4 /* CoreDataSwiftUIApp.swift in Sources */,
				9D420A7629AE3BDC00147B0F /* AddAppitizerForm.swift in Sources */,
				9D420A7B29AE3E1800147B0F /* DrinksView.swift in Sources */,
				9D420A8429AF477900147B0F /* DB.xcdatamodeld in Sources */,
				9D36C78229ADF0F2002DD050 /* FoodsViewModel.swift in Sources */,
				887A32AF29703D280049A8E4 /* CoreDataManager.swift in Sources */,
			);
			runOnlyForDeploymentPostprocessing = 0;
		};
/* End PBXSourcesBuildPhase section */

/* Begin XCBuildConfiguration section */
		887A32A3296FF0710049A8E4 /* Debug */ = {
			isa = XCBuildConfiguration;
			buildSettings = {
				ALWAYS_SEARCH_USER_PATHS = NO;
				CLANG_ANALYZER_NONNULL = YES;
				CLANG_ANALYZER_NUMBER_OBJECT_CONVERSION = YES_AGGRESSIVE;
				CLANG_CXX_LANGUAGE_STANDARD = "gnu++20";
				CLANG_ENABLE_MODULES = YES;
				CLANG_ENABLE_OBJC_ARC = YES;
				CLANG_ENABLE_OBJC_WEAK = YES;
				CLANG_WARN_BLOCK_CAPTURE_AUTORELEASING = YES;
				CLANG_WARN_BOOL_CONVERSION = YES;
				CLANG_WARN_COMMA = YES;
				CLANG_WARN_CONSTANT_CONVERSION = YES;
				CLANG_WARN_DEPRECATED_OBJC_IMPLEMENTATIONS = YES;
				CLANG_WARN_DIRECT_OBJC_ISA_USAGE = YES_ERROR;
				CLANG_WARN_DOCUMENTATION_COMMENTS = YES;
				CLANG_WARN_EMPTY_BODY = YES;
				CLANG_WARN_ENUM_CONVERSION = YES;
				CLANG_WARN_INFINITE_RECURSION = YES;
				CLANG_WARN_INT_CONVERSION = YES;
				CLANG_WARN_NON_LITERAL_NULL_CONVERSION = YES;
				CLANG_WARN_OBJC_IMPLICIT_RETAIN_SELF = YES;
				CLANG_WARN_OBJC_LITERAL_CONVERSION = YES;
				CLANG_WARN_OBJC_ROOT_CLASS = YES_ERROR;
				CLANG_WARN_QUOTED_INCLUDE_IN_FRAMEWORK_HEADER = YES;
				CLANG_WARN_RANGE_LOOP_ANALYSIS = YES;
				CLANG_WARN_STRICT_PROTOTYPES = YES;
				CLANG_WARN_SUSPICIOUS_MOVE = YES;
				CLANG_WARN_UNGUARDED_AVAILABILITY = YES_AGGRESSIVE;
				CLANG_WARN_UNREACHABLE_CODE = YES;
				CLANG_WARN__DUPLICATE_METHOD_MATCH = YES;
				COPY_PHASE_STRIP = NO;
				DEBUG_INFORMATION_FORMAT = dwarf;
				ENABLE_STRICT_OBJC_MSGSEND = YES;
				ENABLE_TESTABILITY = YES;
				GCC_C_LANGUAGE_STANDARD = gnu11;
				GCC_DYNAMIC_NO_PIC = NO;
				GCC_NO_COMMON_BLOCKS = YES;
				GCC_OPTIMIZATION_LEVEL = 0;
				GCC_PREPROCESSOR_DEFINITIONS = (
					"DEBUG=1",
					"$(inherited)",
				);
				GCC_WARN_64_TO_32_BIT_CONVERSION = YES;
				GCC_WARN_ABOUT_RETURN_TYPE = YES_ERROR;
				GCC_WARN_UNDECLARED_SELECTOR = YES;
				GCC_WARN_UNINITIALIZED_AUTOS = YES_AGGRESSIVE;
				GCC_WARN_UNUSED_FUNCTION = YES;
				GCC_WARN_UNUSED_VARIABLE = YES;
				IPHONEOS_DEPLOYMENT_TARGET = 15.0;
				MTL_ENABLE_DEBUG_INFO = INCLUDE_SOURCE;
				MTL_FAST_MATH = YES;
				ONLY_ACTIVE_ARCH = YES;
				SDKROOT = iphoneos;
				SWIFT_ACTIVE_COMPILATION_CONDITIONS = DEBUG;
				SWIFT_OPTIMIZATION_LEVEL = "-Onone";
			};
			name = Debug;
		};
		887A32A4296FF0710049A8E4 /* Release */ = {
			isa = XCBuildConfiguration;
			buildSettings = {
				ALWAYS_SEARCH_USER_PATHS = NO;
				CLANG_ANALYZER_NONNULL = YES;
				CLANG_ANALYZER_NUMBER_OBJECT_CONVERSION = YES_AGGRESSIVE;
				CLANG_CXX_LANGUAGE_STANDARD = "gnu++20";
				CLANG_ENABLE_MODULES = YES;
				CLANG_ENABLE_OBJC_ARC = YES;
				CLANG_ENABLE_OBJC_WEAK = YES;
				CLANG_WARN_BLOCK_CAPTURE_AUTORELEASING = YES;
				CLANG_WARN_BOOL_CONVERSION = YES;
				CLANG_WARN_COMMA = YES;
				CLANG_WARN_CONSTANT_CONVERSION = YES;
				CLANG_WARN_DEPRECATED_OBJC_IMPLEMENTATIONS = YES;
				CLANG_WARN_DIRECT_OBJC_ISA_USAGE = YES_ERROR;
				CLANG_WARN_DOCUMENTATION_COMMENTS = YES;
				CLANG_WARN_EMPTY_BODY = YES;
				CLANG_WARN_ENUM_CONVERSION = YES;
				CLANG_WARN_INFINITE_RECURSION = YES;
				CLANG_WARN_INT_CONVERSION = YES;
				CLANG_WARN_NON_LITERAL_NULL_CONVERSION = YES;
				CLANG_WARN_OBJC_IMPLICIT_RETAIN_SELF = YES;
				CLANG_WARN_OBJC_LITERAL_CONVERSION = YES;
				CLANG_WARN_OBJC_ROOT_CLASS = YES_ERROR;
				CLANG_WARN_QUOTED_INCLUDE_IN_FRAMEWORK_HEADER = YES;
				CLANG_WARN_RANGE_LOOP_ANALYSIS = YES;
				CLANG_WARN_STRICT_PROTOTYPES = YES;
				CLANG_WARN_SUSPICIOUS_MOVE = YES;
				CLANG_WARN_UNGUARDED_AVAILABILITY = YES_AGGRESSIVE;
				CLANG_WARN_UNREACHABLE_CODE = YES;
				CLANG_WARN__DUPLICATE_METHOD_MATCH = YES;
				COPY_PHASE_STRIP = NO;
				DEBUG_INFORMATION_FORMAT = "dwarf-with-dsym";
				ENABLE_NS_ASSERTIONS = NO;
				ENABLE_STRICT_OBJC_MSGSEND = YES;
				GCC_C_LANGUAGE_STANDARD = gnu11;
				GCC_NO_COMMON_BLOCKS = YES;
				GCC_WARN_64_TO_32_BIT_CONVERSION = YES;
				GCC_WARN_ABOUT_RETURN_TYPE = YES_ERROR;
				GCC_WARN_UNDECLARED_SELECTOR = YES;
				GCC_WARN_UNINITIALIZED_AUTOS = YES_AGGRESSIVE;
				GCC_WARN_UNUSED_FUNCTION = YES;
				GCC_WARN_UNUSED_VARIABLE = YES;
				IPHONEOS_DEPLOYMENT_TARGET = 15.0;
				MTL_ENABLE_DEBUG_INFO = NO;
				MTL_FAST_MATH = YES;
				SDKROOT = iphoneos;
				SWIFT_COMPILATION_MODE = wholemodule;
				SWIFT_OPTIMIZATION_LEVEL = "-O";
				VALIDATE_PRODUCT = YES;
			};
			name = Release;
		};
		887A32A6296FF0710049A8E4 /* Debug */ = {
			isa = XCBuildConfiguration;
			buildSettings = {
				ASSETCATALOG_COMPILER_APPICON_NAME = AppIcon;
				ASSETCATALOG_COMPILER_GLOBAL_ACCENT_COLOR_NAME = AccentColor;
				CODE_SIGN_STYLE = Automatic;
				CURRENT_PROJECT_VERSION = 1;
				DEVELOPMENT_ASSET_PATHS = "\"CoreDataSwiftUI/Preview Content\"";
				DEVELOPMENT_TEAM = 936S5Z99AG;
				ENABLE_PREVIEWS = YES;
				GENERATE_INFOPLIST_FILE = YES;
				INFOPLIST_KEY_UIApplicationSceneManifest_Generation = YES;
				INFOPLIST_KEY_UIApplicationSupportsIndirectInputEvents = YES;
				INFOPLIST_KEY_UILaunchScreen_Generation = YES;
				INFOPLIST_KEY_UISupportedInterfaceOrientations_iPad = "UIInterfaceOrientationPortrait UIInterfaceOrientationPortraitUpsideDown UIInterfaceOrientationLandscapeLeft UIInterfaceOrientationLandscapeRight";
				INFOPLIST_KEY_UISupportedInterfaceOrientations_iPhone = "UIInterfaceOrientationPortrait UIInterfaceOrientationLandscapeLeft UIInterfaceOrientationLandscapeRight";
				IPHONEOS_DEPLOYMENT_TARGET = 15.0;
				LD_RUNPATH_SEARCH_PATHS = (
					"$(inherited)",
					"@executable_path/Frameworks",
				);
				MARKETING_VERSION = 1.0;
				PRODUCT_BUNDLE_IDENTIFIER = com.selsela.CoreDataSwiftUI;
				PRODUCT_NAME = "$(TARGET_NAME)";
				SUPPORTED_PLATFORMS = "iphoneos iphonesimulator";
				SUPPORTS_MACCATALYST = NO;
				SUPPORTS_MAC_DESIGNED_FOR_IPHONE_IPAD = NO;
				SWIFT_EMIT_LOC_STRINGS = YES;
				SWIFT_VERSION = 5.0;
				TARGETED_DEVICE_FAMILY = 1;
			};
			name = Debug;
		};
		887A32A7296FF0710049A8E4 /* Release */ = {
			isa = XCBuildConfiguration;
			buildSettings = {
				ASSETCATALOG_COMPILER_APPICON_NAME = AppIcon;
				ASSETCATALOG_COMPILER_GLOBAL_ACCENT_COLOR_NAME = AccentColor;
				CODE_SIGN_STYLE = Automatic;
				CURRENT_PROJECT_VERSION = 1;
				DEVELOPMENT_ASSET_PATHS = "\"CoreDataSwiftUI/Preview Content\"";
				DEVELOPMENT_TEAM = 936S5Z99AG;
				ENABLE_PREVIEWS = YES;
				GENERATE_INFOPLIST_FILE = YES;
				INFOPLIST_KEY_UIApplicationSceneManifest_Generation = YES;
				INFOPLIST_KEY_UIApplicationSupportsIndirectInputEvents = YES;
				INFOPLIST_KEY_UILaunchScreen_Generation = YES;
				INFOPLIST_KEY_UISupportedInterfaceOrientations_iPad = "UIInterfaceOrientationPortrait UIInterfaceOrientationPortraitUpsideDown UIInterfaceOrientationLandscapeLeft UIInterfaceOrientationLandscapeRight";
				INFOPLIST_KEY_UISupportedInterfaceOrientations_iPhone = "UIInterfaceOrientationPortrait UIInterfaceOrientationLandscapeLeft UIInterfaceOrientationLandscapeRight";
				IPHONEOS_DEPLOYMENT_TARGET = 15.0;
				LD_RUNPATH_SEARCH_PATHS = (
					"$(inherited)",
					"@executable_path/Frameworks",
				);
				MARKETING_VERSION = 1.0;
				PRODUCT_BUNDLE_IDENTIFIER = com.selsela.CoreDataSwiftUI;
				PRODUCT_NAME = "$(TARGET_NAME)";
				SUPPORTED_PLATFORMS = "iphoneos iphonesimulator";
				SUPPORTS_MACCATALYST = NO;
				SUPPORTS_MAC_DESIGNED_FOR_IPHONE_IPAD = NO;
				SWIFT_EMIT_LOC_STRINGS = YES;
				SWIFT_VERSION = 5.0;
				TARGETED_DEVICE_FAMILY = 1;
			};
			name = Release;
		};
/* End XCBuildConfiguration section */

/* Begin XCConfigurationList section */
		887A3292296FF0700049A8E4 /* Build configuration list for PBXProject "CoreDataSwiftUI" */ = {
			isa = XCConfigurationList;
			buildConfigurations = (
				887A32A3296FF0710049A8E4 /* Debug */,
				887A32A4296FF0710049A8E4 /* Release */,
			);
			defaultConfigurationIsVisible = 0;
			defaultConfigurationName = Release;
		};
		887A32A5296FF0710049A8E4 /* Build configuration list for PBXNativeTarget "CoreDataSwiftUI" */ = {
			isa = XCConfigurationList;
			buildConfigurations = (
				887A32A6296FF0710049A8E4 /* Debug */,
				887A32A7296FF0710049A8E4 /* Release */,
			);
			defaultConfigurationIsVisible = 0;
			defaultConfigurationName = Release;
		};
/* End XCConfigurationList section */

/* Begin XCVersionGroup section */
		9D420A8229AF477900147B0F /* DB.xcdatamodeld */ = {
			isa = XCVersionGroup;
			children = (
				9D420A8329AF477900147B0F /* DB.xcdatamodel */,
			);
			currentVersion = 9D420A8329AF477900147B0F /* DB.xcdatamodel */;
			path = DB.xcdatamodeld;
			sourceTree = "<group>";
			versionGroupType = wrapper.xcdatamodel;
		};
/* End XCVersionGroup section */
	};
	rootObject = 887A328F296FF0700049A8E4 /* Project object */;
}
